
Microsoft Visual Studio Solution File, Format Version 12.00
# Visual Studio Version 16
VisualStudioVersion = 16.0.29324.140
MinimumVisualStudioVersion = 10.0.40219.1
Project("{FAE04EC0-301F-11D3-BF4B-00C04F79EFBC}") = "Transporte", "Transporte\Transporte.csproj", "{3B253795-D637-4AE5-839D-6D7D4D06F8D0}"
EndProject
Project("{2150E333-8FDC-42A3-9474-1A3956D46DE8}") = "Web", "Web", "{B0C07557-DB0B-4261-B0F6-7D19BF716259}"
EndProject
Project("{2150E333-8FDC-42A3-9474-1A3956D46DE8}") = "Data", "Data", "{130AEF4E-894F-49CE-BD52-EC71AD01486F}"
EndProject
Project("{2150E333-8FDC-42A3-9474-1A3956D46DE8}") = "Services", "Services", "{32F9DD13-7E89-46A4-8DB9-C5DAAC2EA087}"
EndProject
Project("{FAE04EC0-301F-11D3-BF4B-00C04F79EFBC}") = "Transporte.Repositories", "Transporte.Repositories\Transporte.Repositories.csproj", "{CC1707F1-2C52-45BD-B92E-48C912A57000}"
EndProject
Project("{FAE04EC0-301F-11D3-BF4B-00C04F79EFBC}") = "Transporte.Repositories.EntityFramework", "Transporte.Repositories.EntityFramework\Transporte.Repositories.EntityFramework.csproj", "{F1EB873D-17E7-4FAC-8C41-3C6B404B65F3}"
EndProject
Project("{FAE04EC0-301F-11D3-BF4B-00C04F79EFBC}") = "Transporte.Services", "Transporte.Services\Transporte.Services.csproj", "{011420AB-E215-4155-AAB4-5487A4F163C7}"
EndProject
Project("{FAE04EC0-301F-11D3-BF4B-00C04F79EFBC}") = "Transporte.Models", "Transporte.Models\Transporte.Models.csproj", "{8A27FBF4-8E8F-4351-9F26-CF2FE98C3FA5}"
EndProject
Global
	GlobalSection(SolutionConfigurationPlatforms) = preSolution
		Debug|Any CPU = Debug|Any CPU
		Release|Any CPU = Release|Any CPU
	EndGlobalSection
	GlobalSection(ProjectConfigurationPlatforms) = postSolution
		{3B253795-D637-4AE5-839D-6D7D4D06F8D0}.Debug|Any CPU.ActiveCfg = Debug|Any CPU
		{3B253795-D637-4AE5-839D-6D7D4D06F8D0}.Debug|Any CPU.Build.0 = Debug|Any CPU
		{3B253795-D637-4AE5-839D-6D7D4D06F8D0}.Release|Any CPU.ActiveCfg = Release|Any CPU
		{3B253795-D637-4AE5-839D-6D7D4D06F8D0}.Release|Any CPU.Build.0 = Release|Any CPU
		{CC1707F1-2C52-45BD-B92E-48C912A57000}.Debug|Any CPU.ActiveCfg = Debug|Any CPU
		{CC1707F1-2C52-45BD-B92E-48C912A57000}.Debug|Any CPU.Build.0 = Debug|Any CPU
		{CC1707F1-2C52-45BD-B92E-48C912A57000}.Release|Any CPU.ActiveCfg = Release|Any CPU
		{CC1707F1-2C52-45BD-B92E-48C912A57000}.Release|Any CPU.Build.0 = Release|Any CPU
		{F1EB873D-17E7-4FAC-8C41-3C6B404B65F3}.Debug|Any CPU.ActiveCfg = Debug|Any CPU
		{F1EB873D-17E7-4FAC-8C41-3C6B404B65F3}.Debug|Any CPU.Build.0 = Debug|Any CPU
		{F1EB873D-17E7-4FAC-8C41-3C6B404B65F3}.Release|Any CPU.ActiveCfg = Release|Any CPU
		{F1EB873D-17E7-4FAC-8C41-3C6B404B65F3}.Release|Any CPU.Build.0 = Release|Any CPU
		{011420AB-E215-4155-AAB4-5487A4F163C7}.Debug|Any CPU.ActiveCfg = Debug|Any CPU
		{011420AB-E215-4155-AAB4-5487A4F163C7}.Debug|Any CPU.Build.0 = Debug|Any CPU
		{011420AB-E215-4155-AAB4-5487A4F163C7}.Release|Any CPU.ActiveCfg = Release|Any CPU
		{011420AB-E215-4155-AAB4-5487A4F163C7}.Release|Any CPU.Build.0 = Release|Any CPU
		{8A27FBF4-8E8F-4351-9F26-CF2FE98C3FA5}.Debug|Any CPU.ActiveCfg = Debug|Any CPU
		{8A27FBF4-8E8F-4351-9F26-CF2FE98C3FA5}.Debug|Any CPU.Build.0 = Debug|Any CPU
		{8A27FBF4-8E8F-4351-9F26-CF2FE98C3FA5}.Release|Any CPU.ActiveCfg = Release|Any CPU
		{8A27FBF4-8E8F-4351-9F26-CF2FE98C3FA5}.Release|Any CPU.Build.0 = Release|Any CPU
	EndGlobalSection
	GlobalSection(SolutionProperties) = preSolution
		HideSolutionNode = FALSE
	EndGlobalSection
	GlobalSection(NestedProjects) = preSolution
		{3B253795-D637-4AE5-839D-6D7D4D06F8D0} = {B0C07557-DB0B-4261-B0F6-7D19BF716259}
		{CC1707F1-2C52-45BD-B92E-48C912A57000} = {130AEF4E-894F-49CE-BD52-EC71AD01486F}
		{F1EB873D-17E7-4FAC-8C41-3C6B404B65F3} = {130AEF4E-894F-49CE-BD52-EC71AD01486F}
		{011420AB-E215-4155-AAB4-5487A4F163C7} = {32F9DD13-7E89-46A4-8DB9-C5DAAC2EA087}
		{8A27FBF4-8E8F-4351-9F26-CF2FE98C3FA5} = {130AEF4E-894F-49CE-BD52-EC71AD01486F}
	EndGlobalSection
	GlobalSection(ExtensibilityGlobals) = postSolution
		SolutionGuid = {6E20FCBF-F46E-48B9-8A22-2AAB948B6938}
	EndGlobalSection
EndGlobal
